PODS:
  - Forge (0.1.0):
    - Result (~> 4.0)
  - Result (4.0.0)

DEPENDENCIES:
  - Forge (from `../`)

SPEC REPOS:
  https://github.com/cocoapods/specs.git:
    - Result

EXTERNAL SOURCES:
  Forge:
    :path: "../"

SPEC CHECKSUMS:
  Forge: eb0cd8135d96f6fac17e8340fccda51ddd28f9a4
  Result: 7645bb3f50c2ce726dd0ff2fa7b6f42bbe6c3713

PODFILE CHECKSUM: 858c715e5ffdd176047c356cc80676d0cffa2874

COCOAPODS: 1.5.3
