PODS:
  - Forge (0.1.0):
    - Result (~> 4.0)
  - Result (4.1.0)

DEPENDENCIES:
  - Forge (from `../`)

SPEC REPOS:
  https://github.com/cocoapods/specs.git:
    - Result

EXTERNAL SOURCES:
  Forge:
    :path: "../"

SPEC CHECKSUMS:
  Forge: 6090e7fc72471815c924342396be12c002da4b38
  Result: bd966fac789cc6c1563440b348ab2598cc24d5c7

PODFILE CHECKSUM: 527fb55b00d94244f0534b64b588af2476e8c5ab

COCOAPODS: 1.5.3
